// !$*UTF8*$!
{
	archiveVersion = 1;
	classes = {
	};
	objectVersion = 46;
	objects = {

/* Begin PBXBuildFile section */
		112DFBDD1A1B911000F11D2C /* main.m in Sources */ = {isa = PBXBuildFile; fileRef = 112DFBDC1A1B911000F11D2C /* main.m */; };
		112DFBE01A1B911000F11D2C /* AppDelegate.m in Sources */ = {isa = PBXBuildFile; fileRef = 112DFBDF1A1B911000F11D2C /* AppDelegate.m */; };
		112DFBE81A1B911000F11D2C /* Images.xcassets in Resources */ = {isa = PBXBuildFile; fileRef = 112DFBE71A1B911000F11D2C /* Images.xcassets */; };
		112DFC111A1CD80C00F11D2C /* ETDrawerVisualManager.m in Sources */ = {isa = PBXBuildFile; fileRef = 112DFC0A1A1CD80C00F11D2C /* ETDrawerVisualManager.m */; };
		112DFC211A1D01F000F11D2C /* Resource.xcassets in Resources */ = {isa = PBXBuildFile; fileRef = 112DFC201A1D01F000F11D2C /* Resource.xcassets */; };
		112DFC261A1E19D200F11D2C /* weather.storyboard in Resources */ = {isa = PBXBuildFile; fileRef = 112DFC251A1E19D200F11D2C /* weather.storyboard */; };
		112DFC2E1A1E49CD00F11D2C /* CWTHTTPClient.m in Sources */ = {isa = PBXBuildFile; fileRef = 112DFC2D1A1E49CD00F11D2C /* CWTHTTPClient.m */; };
		112DFC371A1F6C8700F11D2C /* CWTMainViewController.m in Sources */ = {isa = PBXBuildFile; fileRef = 112DFC311A1F6C8700F11D2C /* CWTMainViewController.m */; };
		112DFC381A1F6C8700F11D2C /* ETDrawerViewController.m in Sources */ = {isa = PBXBuildFile; fileRef = 112DFC341A1F6C8700F11D2C /* ETDrawerViewController.m */; };
		112DFC391A1F6C8700F11D2C /* UIViewController+ETDrawerController.m in Sources */ = {isa = PBXBuildFile; fileRef = 112DFC361A1F6C8700F11D2C /* UIViewController+ETDrawerController.m */; };
		112DFC3E1A1F79C300F11D2C /* CWTMenuButton.m in Sources */ = {isa = PBXBuildFile; fileRef = 112DFC3D1A1F79C300F11D2C /* CWTMenuButton.m */; };
		116585F71A24CE850077E654 /* Utils.m in Sources */ = {isa = PBXBuildFile; fileRef = 116585F61A24CE850077E654 /* Utils.m */; };
		116585FA1A24D00D0077E654 /* NSString+HMACSHA1.m in Sources */ = {isa = PBXBuildFile; fileRef = 116585F91A24D00D0077E654 /* NSString+HMACSHA1.m */; };
		116619F61A2F3C2D002A22B0 /* CWTWeatherRT.m in Sources */ = {isa = PBXBuildFile; fileRef = 116619F51A2F3C2D002A22B0 /* CWTWeatherRT.m */; };
		116619F91A2F401D002A22B0 /* CWTForecast24h.m in Sources */ = {isa = PBXBuildFile; fileRef = 116619F81A2F401D002A22B0 /* CWTForecast24h.m */; };
		116619FC1A2F4032002A22B0 /* CWTForecast7d.m in Sources */ = {isa = PBXBuildFile; fileRef = 116619FB1A2F4032002A22B0 /* CWTForecast7d.m */; };
		11A21C821AC46BF200DE0F60 /* CWTConstant.m in Sources */ = {isa = PBXBuildFile; fileRef = 11A21C811AC46BF200DE0F60 /* CWTConstant.m */; };
		DABFC6D01A2C6B1C00A7B7D4 /* CWTWeatherInfo.m in Sources */ = {isa = PBXBuildFile; fileRef = DABFC6CF1A2C6B1C00A7B7D4 /* CWTWeatherInfo.m */; };
		DABFC6D31A2F0D0700A7B7D4 /* CWTForecastInfo.m in Sources */ = {isa = PBXBuildFile; fileRef = DABFC6D21A2F0D0700A7B7D4 /* CWTForecastInfo.m */; };
		DABFC6D61A2F14E200A7B7D4 /* CWTWeatherMap.m in Sources */ = {isa = PBXBuildFile; fileRef = DABFC6D51A2F14E200A7B7D4 /* CWTWeatherMap.m */; };
		DABFC6DB1A2F172200A7B7D4 /* Localizable.strings in Resources */ = {isa = PBXBuildFile; fileRef = DABFC6DD1A2F172200A7B7D4 /* Localizable.strings */; };
		DB4DA61575452FF893EA3BC3 /* libPods.a in Frameworks */ = {isa = PBXBuildFile; fileRef = 81954E6B1D78E716B9B3BB93 /* libPods.a */; };
/* End PBXBuildFile section */

/* Begin PBXFileReference section */
		112DFBD71A1B911000F11D2C /* cardWeather.app */ = {isa = PBXFileReference; explicitFileType = wrapper.application; includeInIndex = 0; path = cardWeather.app; sourceTree = BUILT_PRODUCTS_DIR; };
		112DFBDC1A1B911000F11D2C /* main.m */ = {isa = PBXFileReference; lastKnownFileType = sourcecode.c.objc; path = main.m; sourceTree = SOURCE_ROOT; };
		112DFBDE1A1B911000F11D2C /* AppDelegate.h */ = {isa = PBXFileReference; lastKnownFileType = sourcecode.c.h; path = AppDelegate.h; sourceTree = SOURCE_ROOT; };
		112DFBDF1A1B911000F11D2C /* AppDelegate.m */ = {isa = PBXFileReference; lastKnownFileType = sourcecode.c.objc; path = AppDelegate.m; sourceTree = SOURCE_ROOT; };
		112DFBE71A1B911000F11D2C /* Images.xcassets */ = {isa = PBXFileReference; lastKnownFileType = folder.assetcatalog; path = Images.xcassets; sourceTree = SOURCE_ROOT; };
		112DFC061A1B947C00F11D2C /* Info.plist */ = {isa = PBXFileReference; fileEncoding = 4; lastKnownFileType = text.plist.xml; path = Info.plist; sourceTree = SOURCE_ROOT; };
		112DFC091A1CD80C00F11D2C /* ETDrawerVisualManager.h */ = {isa = PBXFileReference; fileEncoding = 4; lastKnownFileType = sourcecode.c.h; path = ETDrawerVisualManager.h; sourceTree = "<group>"; };
		112DFC0A1A1CD80C00F11D2C /* ETDrawerVisualManager.m */ = {isa = PBXFileReference; fileEncoding = 4; lastKnownFileType = sourcecode.c.objc; path = ETDrawerVisualManager.m; sourceTree = "<group>"; };
		112DFC201A1D01F000F11D2C /* Resource.xcassets */ = {isa = PBXFileReference; lastKnownFileType = folder.assetcatalog; path = Resource.xcassets; sourceTree = SOURCE_ROOT; };
		112DFC251A1E19D200F11D2C /* weather.storyboard */ = {isa = PBXFileReference; fileEncoding = 4; lastKnownFileType = file.storyboard; path = weather.storyboard; sourceTree = SOURCE_ROOT; };
		112DFC2C1A1E49CD00F11D2C /* CWTHTTPClient.h */ = {isa = PBXFileReference; fileEncoding = 4; lastKnownFileType = sourcecode.c.h; path = CWTHTTPClient.h; sourceTree = "<group>"; };
		112DFC2D1A1E49CD00F11D2C /* CWTHTTPClient.m */ = {isa = PBXFileReference; fileEncoding = 4; lastKnownFileType = sourcecode.c.objc; path = CWTHTTPClient.m; sourceTree = "<group>"; };
		112DFC301A1F6C8700F11D2C /* CWTMainViewController.h */ = {isa = PBXFileReference; fileEncoding = 4; lastKnownFileType = sourcecode.c.h; path = CWTMainViewController.h; sourceTree = "<group>"; };
		112DFC311A1F6C8700F11D2C /* CWTMainViewController.m */ = {isa = PBXFileReference; fileEncoding = 4; lastKnownFileType = sourcecode.c.objc; path = CWTMainViewController.m; sourceTree = "<group>"; };
		112DFC331A1F6C8700F11D2C /* ETDrawerViewController.h */ = {isa = PBXFileReference; fileEncoding = 4; lastKnownFileType = sourcecode.c.h; path = ETDrawerViewController.h; sourceTree = "<group>"; };
		112DFC341A1F6C8700F11D2C /* ETDrawerViewController.m */ = {isa = PBXFileReference; fileEncoding = 4; lastKnownFileType = sourcecode.c.objc; path = ETDrawerViewController.m; sourceTree = "<group>"; };
		112DFC351A1F6C8700F11D2C /* UIViewController+ETDrawerController.h */ = {isa = PBXFileReference; fileEncoding = 4; lastKnownFileType = sourcecode.c.h; path = "UIViewController+ETDrawerController.h"; sourceTree = "<group>"; };
		112DFC361A1F6C8700F11D2C /* UIViewController+ETDrawerController.m */ = {isa = PBXFileReference; fileEncoding = 4; lastKnownFileType = sourcecode.c.objc; path = "UIViewController+ETDrawerController.m"; sourceTree = "<group>"; };
		112DFC3C1A1F79C300F11D2C /* CWTMenuButton.h */ = {isa = PBXFileReference; fileEncoding = 4; lastKnownFileType = sourcecode.c.h; path = CWTMenuButton.h; sourceTree = "<group>"; };
		112DFC3D1A1F79C300F11D2C /* CWTMenuButton.m */ = {isa = PBXFileReference; fileEncoding = 4; lastKnownFileType = sourcecode.c.objc; path = CWTMenuButton.m; sourceTree = "<group>"; };
		116585F51A24CE850077E654 /* Utils.h */ = {isa = PBXFileReference; fileEncoding = 4; lastKnownFileType = sourcecode.c.h; path = Utils.h; sourceTree = "<group>"; };
		116585F61A24CE850077E654 /* Utils.m */ = {isa = PBXFileReference; fileEncoding = 4; lastKnownFileType = sourcecode.c.objc; path = Utils.m; sourceTree = "<group>"; };
		116585F81A24D00D0077E654 /* NSString+HMACSHA1.h */ = {isa = PBXFileReference; fileEncoding = 4; lastKnownFileType = sourcecode.c.h; path = "NSString+HMACSHA1.h"; sourceTree = "<group>"; };
		116585F91A24D00D0077E654 /* NSString+HMACSHA1.m */ = {isa = PBXFileReference; fileEncoding = 4; lastKnownFileType = sourcecode.c.objc; path = "NSString+HMACSHA1.m"; sourceTree = "<group>"; };
		116619F41A2F3C2D002A22B0 /* CWTWeatherRT.h */ = {isa = PBXFileReference; fileEncoding = 4; lastKnownFileType = sourcecode.c.h; path = CWTWeatherRT.h; sourceTree = "<group>"; };
		116619F51A2F3C2D002A22B0 /* CWTWeatherRT.m */ = {isa = PBXFileReference; fileEncoding = 4; lastKnownFileType = sourcecode.c.objc; path = CWTWeatherRT.m; sourceTree = "<group>"; };
		116619F71A2F401D002A22B0 /* CWTForecast24h.h */ = {isa = PBXFileReference; fileEncoding = 4; lastKnownFileType = sourcecode.c.h; path = CWTForecast24h.h; sourceTree = "<group>"; };
		116619F81A2F401D002A22B0 /* CWTForecast24h.m */ = {isa = PBXFileReference; fileEncoding = 4; lastKnownFileType = sourcecode.c.objc; path = CWTForecast24h.m; sourceTree = "<group>"; };
		116619FA1A2F4032002A22B0 /* CWTForecast7d.h */ = {isa = PBXFileReference; fileEncoding = 4; lastKnownFileType = sourcecode.c.h; path = CWTForecast7d.h; sourceTree = "<group>"; };
		116619FB1A2F4032002A22B0 /* CWTForecast7d.m */ = {isa = PBXFileReference; fileEncoding = 4; lastKnownFileType = sourcecode.c.objc; path = CWTForecast7d.m; sourceTree = "<group>"; };
		11A21C801AC46BF200DE0F60 /* CWTConstant.h */ = {isa = PBXFileReference; fileEncoding = 4; lastKnownFileType = sourcecode.c.h; path = CWTConstant.h; sourceTree = "<group>"; };
		11A21C811AC46BF200DE0F60 /* CWTConstant.m */ = {isa = PBXFileReference; fileEncoding = 4; lastKnownFileType = sourcecode.c.objc; path = CWTConstant.m; sourceTree = "<group>"; };
		6355819C043B81CD5BB1F429 /* Pods.debug.xcconfig */ = {isa = PBXFileReference; includeInIndex = 1; lastKnownFileType = text.xcconfig; name = Pods.debug.xcconfig; path = "Pods/Target Support Files/Pods/Pods.debug.xcconfig"; sourceTree = "<group>"; };
		81954E6B1D78E716B9B3BB93 /* libPods.a */ = {isa = PBXFileReference; explicitFileType = archive.ar; includeInIndex = 0; path = libPods.a; sourceTree = BUILT_PRODUCTS_DIR; };
		B2D1EDCEF1F5DAD9926F99DF /* Pods.release.xcconfig */ = {isa = PBXFileReference; includeInIndex = 1; lastKnownFileType = text.xcconfig; name = Pods.release.xcconfig; path = "Pods/Target Support Files/Pods/Pods.release.xcconfig"; sourceTree = "<group>"; };
		DABFC6CE1A2C6B1C00A7B7D4 /* CWTWeatherInfo.h */ = {isa = PBXFileReference; fileEncoding = 4; lastKnownFileType = sourcecode.c.h; path = CWTWeatherInfo.h; sourceTree = "<group>"; };
		DABFC6CF1A2C6B1C00A7B7D4 /* CWTWeatherInfo.m */ = {isa = PBXFileReference; fileEncoding = 4; lastKnownFileType = sourcecode.c.objc; path = CWTWeatherInfo.m; sourceTree = "<group>"; };
		DABFC6D11A2F0D0700A7B7D4 /* CWTForecastInfo.h */ = {isa = PBXFileReference; fileEncoding = 4; lastKnownFileType = sourcecode.c.h; path = CWTForecastInfo.h; sourceTree = "<group>"; };
		DABFC6D21A2F0D0700A7B7D4 /* CWTForecastInfo.m */ = {isa = PBXFileReference; fileEncoding = 4; lastKnownFileType = sourcecode.c.objc; path = CWTForecastInfo.m; sourceTree = "<group>"; };
		DABFC6D41A2F14E200A7B7D4 /* CWTWeatherMap.h */ = {isa = PBXFileReference; fileEncoding = 4; lastKnownFileType = sourcecode.c.h; path = CWTWeatherMap.h; sourceTree = "<group>"; };
		DABFC6D51A2F14E200A7B7D4 /* CWTWeatherMap.m */ = {isa = PBXFileReference; fileEncoding = 4; lastKnownFileType = sourcecode.c.objc; path = CWTWeatherMap.m; sourceTree = "<group>"; };
		DABFC6DE1A2F173100A7B7D4 /* zh-Hans */ = {isa = PBXFileReference; lastKnownFileType = text.plist.strings; name = "zh-Hans"; path = "zh-Hans.lproj/Localizable.strings"; sourceTree = "<group>"; };
		DABFC6E01A2F175D00A7B7D4 /* Base */ = {isa = PBXFileReference; lastKnownFileType = text.plist.strings; name = Base; path = Base.lproj/Localizable.strings; sourceTree = "<group>"; };
/* End PBXFileReference section */

/* Begin PBXFrameworksBuildPhase section */
		112DFBD41A1B911000F11D2C /* Frameworks */ = {
			isa = PBXFrameworksBuildPhase;
			buildActionMask = 2147483647;
			files = (
				DB4DA61575452FF893EA3BC3 /* libPods.a in Frameworks */,
			);
			runOnlyForDeploymentPostprocessing = 0;
		};
/* End PBXFrameworksBuildPhase section */

/* Begin PBXGroup section */
		112DFBCE1A1B911000F11D2C = {
			isa = PBXGroup;
			children = (
				112DFBD91A1B911000F11D2C /* cardWeather */,
				48D7A9E329B3BA8B22A283AC /* Frameworks */,
				FED14B352EFCC85548FDB227 /* Pods */,
				112DFBD81A1B911000F11D2C /* Products */,
			);
			sourceTree = "<group>";
		};
		112DFBD81A1B911000F11D2C /* Products */ = {
			isa = PBXGroup;
			children = (
				112DFBD71A1B911000F11D2C /* cardWeather.app */,
			);
			name = Products;
			sourceTree = "<group>";
		};
		112DFBD91A1B911000F11D2C /* cardWeather */ = {
			isa = PBXGroup;
			children = (
				112DFBDE1A1B911000F11D2C /* AppDelegate.h */,
				112DFBDF1A1B911000F11D2C /* AppDelegate.m */,
				112DFC251A1E19D200F11D2C /* weather.storyboard */,
				112DFBE71A1B911000F11D2C /* Images.xcassets */,
				112DFC201A1D01F000F11D2C /* Resource.xcassets */,
				116585F41A24CE750077E654 /* Commen */,
				112DFC081A1CD80C00F11D2C /* Helpers */,
				DABFC6CD1A2C6ABB00A7B7D4 /* Models */,
				112DFC2B1A1E49A100F11D2C /* NetAgent */,
				112DFBDA1A1B911000F11D2C /* Supporting Files */,
				DAEC0A3A1A256FD200F5BD2A /* Ventors */,
				112DFC2F1A1F6C8700F11D2C /* ViewControllers */,
				112DFC3A1A1F799900F11D2C /* Views */,
				DABFC6DD1A2F172200A7B7D4 /* Localizable.strings */,
			);
			path = cardWeather;
			sourceTree = "<group>";
		};
		112DFBDA1A1B911000F11D2C /* Supporting Files */ = {
			isa = PBXGroup;
			children = (
				112DFC061A1B947C00F11D2C /* Info.plist */,
				112DFBDC1A1B911000F11D2C /* main.m */,
			);
			name = "Supporting Files";
			sourceTree = "<group>";
		};
		112DFC081A1CD80C00F11D2C /* Helpers */ = {
			isa = PBXGroup;
			children = (
				112DFC091A1CD80C00F11D2C /* ETDrawerVisualManager.h */,
				112DFC0A1A1CD80C00F11D2C /* ETDrawerVisualManager.m */,
				116585F81A24D00D0077E654 /* NSString+HMACSHA1.h */,
				116585F91A24D00D0077E654 /* NSString+HMACSHA1.m */,
			);
			path = Helpers;
			sourceTree = SOURCE_ROOT;
		};
		112DFC2B1A1E49A100F11D2C /* NetAgent */ = {
			isa = PBXGroup;
			children = (
				112DFC2C1A1E49CD00F11D2C /* CWTHTTPClient.h */,
				112DFC2D1A1E49CD00F11D2C /* CWTHTTPClient.m */,
			);
			path = NetAgent;
			sourceTree = SOURCE_ROOT;
		};
		112DFC2F1A1F6C8700F11D2C /* ViewControllers */ = {
			isa = PBXGroup;
			children = (
				112DFC301A1F6C8700F11D2C /* CWTMainViewController.h */,
				112DFC311A1F6C8700F11D2C /* CWTMainViewController.m */,
				112DFC321A1F6C8700F11D2C /* ETDrawerViewController */,
			);
			path = ViewControllers;
			sourceTree = SOURCE_ROOT;
		};
		112DFC321A1F6C8700F11D2C /* ETDrawerViewController */ = {
			isa = PBXGroup;
			children = (
				112DFC331A1F6C8700F11D2C /* ETDrawerViewController.h */,
				112DFC341A1F6C8700F11D2C /* ETDrawerViewController.m */,
				112DFC351A1F6C8700F11D2C /* UIViewController+ETDrawerController.h */,
				112DFC361A1F6C8700F11D2C /* UIViewController+ETDrawerController.m */,
			);
			path = ETDrawerViewController;
			sourceTree = "<group>";
		};
		112DFC3A1A1F799900F11D2C /* Views */ = {
			isa = PBXGroup;
			children = (
				112DFC3B1A1F799900F11D2C /* CustomBtns */,
			);
			path = Views;
			sourceTree = SOURCE_ROOT;
		};
		112DFC3B1A1F799900F11D2C /* CustomBtns */ = {
			isa = PBXGroup;
			children = (
				112DFC3C1A1F79C300F11D2C /* CWTMenuButton.h */,
				112DFC3D1A1F79C300F11D2C /* CWTMenuButton.m */,
			);
			path = CustomBtns;
			sourceTree = "<group>";
		};
		116585F41A24CE750077E654 /* Commen */ = {
			isa = PBXGroup;
			children = (
				116585F51A24CE850077E654 /* Utils.h */,
				116585F61A24CE850077E654 /* Utils.m */,
				11A21C801AC46BF200DE0F60 /* CWTConstant.h */,
				11A21C811AC46BF200DE0F60 /* CWTConstant.m */,
			);
			path = Commen;
			sourceTree = SOURCE_ROOT;
		};
		48D7A9E329B3BA8B22A283AC /* Frameworks */ = {
			isa = PBXGroup;
			children = (
				81954E6B1D78E716B9B3BB93 /* libPods.a */,
			);
			name = Frameworks;
			sourceTree = "<group>";
		};
		DABFC6CD1A2C6ABB00A7B7D4 /* Models */ = {
			isa = PBXGroup;
			children = (
				DABFC6CE1A2C6B1C00A7B7D4 /* CWTWeatherInfo.h */,
				DABFC6CF1A2C6B1C00A7B7D4 /* CWTWeatherInfo.m */,
				DABFC6D11A2F0D0700A7B7D4 /* CWTForecastInfo.h */,
				DABFC6D21A2F0D0700A7B7D4 /* CWTForecastInfo.m */,
				DABFC6D41A2F14E200A7B7D4 /* CWTWeatherMap.h */,
				DABFC6D51A2F14E200A7B7D4 /* CWTWeatherMap.m */,
				116619F41A2F3C2D002A22B0 /* CWTWeatherRT.h */,
				116619F51A2F3C2D002A22B0 /* CWTWeatherRT.m */,
				116619F71A2F401D002A22B0 /* CWTForecast24h.h */,
				116619F81A2F401D002A22B0 /* CWTForecast24h.m */,
				116619FA1A2F4032002A22B0 /* CWTForecast7d.h */,
				116619FB1A2F4032002A22B0 /* CWTForecast7d.m */,
			);
			path = Models;
			sourceTree = SOURCE_ROOT;
		};
		DAEC0A3A1A256FD200F5BD2A /* Ventors */ = {
			isa = PBXGroup;
			children = (
			);
			path = Ventors;
			sourceTree = SOURCE_ROOT;
		};
		FED14B352EFCC85548FDB227 /* Pods */ = {
			isa = PBXGroup;
			children = (
				6355819C043B81CD5BB1F429 /* Pods.debug.xcconfig */,
				B2D1EDCEF1F5DAD9926F99DF /* Pods.release.xcconfig */,
			);
			name = Pods;
			sourceTree = "<group>";
		};
/* End PBXGroup section */

/* Begin PBXNativeTarget section */
		112DFBD61A1B911000F11D2C /* cardWeather */ = {
			isa = PBXNativeTarget;
			buildConfigurationList = 112DFBFA1A1B911000F11D2C /* Build configuration list for PBXNativeTarget "cardWeather" */;
			buildPhases = (
				17F213B4A45DDB8198087C1F /* Check Pods Manifest.lock */,
				112DFBD31A1B911000F11D2C /* Sources */,
				112DFBD41A1B911000F11D2C /* Frameworks */,
				112DFBD51A1B911000F11D2C /* Resources */,
				E009DFC19DD2CB1926773586 /* Copy Pods Resources */,
			);
			buildRules = (
			);
			dependencies = (
			);
			name = cardWeather;
			productName = cardWeather;
			productReference = 112DFBD71A1B911000F11D2C /* cardWeather.app */;
			productType = "com.apple.product-type.application";
		};
/* End PBXNativeTarget section */

/* Begin PBXProject section */
		112DFBCF1A1B911000F11D2C /* Project object */ = {
			isa = PBXProject;
			attributes = {
				LastUpgradeCheck = 0610;
				ORGANIZATIONNAME = east;
				TargetAttributes = {
					112DFBD61A1B911000F11D2C = {
						CreatedOnToolsVersion = 6.1;
					};
				};
			};
			buildConfigurationList = 112DFBD21A1B911000F11D2C /* Build configuration list for PBXProject "cardWeather" */;
			compatibilityVersion = "Xcode 3.2";
			developmentRegion = English;
			hasScannedForEncodings = 0;
			knownRegions = (
				en,
				Base,
				"zh-Hans",
			);
			mainGroup = 112DFBCE1A1B911000F11D2C;
			productRefGroup = 112DFBD81A1B911000F11D2C /* Products */;
			projectDirPath = "";
			projectRoot = "";
			targets = (
				112DFBD61A1B911000F11D2C /* cardWeather */,
			);
		};
/* End PBXProject section */

/* Begin PBXResourcesBuildPhase section */
		112DFBD51A1B911000F11D2C /* Resources */ = {
			isa = PBXResourcesBuildPhase;
			buildActionMask = 2147483647;
			files = (
				112DFC261A1E19D200F11D2C /* weather.storyboard in Resources */,
				DABFC6DB1A2F172200A7B7D4 /* Localizable.strings in Resources */,
				112DFBE81A1B911000F11D2C /* Images.xcassets in Resources */,
				112DFC211A1D01F000F11D2C /* Resource.xcassets in Resources */,
			);
			runOnlyForDeploymentPostprocessing = 0;
		};
/* End PBXResourcesBuildPhase section */

/* Begin PBXShellScriptBuildPhase section */
		17F213B4A45DDB8198087C1F /* Check Pods Manifest.lock */ = {
			isa = PBXShellScriptBuildPhase;
			buildActionMask = 2147483647;
			files = (
			);
			inputPaths = (
			);
			name = "Check Pods Manifest.lock";
			outputPaths = (
			);
			runOnlyForDeploymentPostprocessing = 0;
			shellPath = /bin/sh;
			shellScript = "diff \"${PODS_ROOT}/../Podfile.lock\" \"${PODS_ROOT}/Manifest.lock\" > /dev/null\nif [[ $? != 0 ]] ; then\n    cat << EOM\nerror: The sandbox is not in sync with the Podfile.lock. Run 'pod install' or update your CocoaPods installation.\nEOM\n    exit 1\nfi\n";
			showEnvVarsInLog = 0;
		};
		E009DFC19DD2CB1926773586 /* Copy Pods Resources */ = {
			isa = PBXShellScriptBuildPhase;
			buildActionMask = 2147483647;
			files = (
			);
			inputPaths = (
			);
			name = "Copy Pods Resources";
			outputPaths = (
			);
			runOnlyForDeploymentPostprocessing = 0;
			shellPath = /bin/sh;
			shellScript = "\"${SRCROOT}/Pods/Target Support Files/Pods/Pods-resources.sh\"\n";
			showEnvVarsInLog = 0;
		};
/* End PBXShellScriptBuildPhase section */

/* Begin PBXSourcesBuildPhase section */
		112DFBD31A1B911000F11D2C /* Sources */ = {
			isa = PBXSourcesBuildPhase;
			buildActionMask = 2147483647;
			files = (
				116585F71A24CE850077E654 /* Utils.m in Sources */,
				DABFC6D61A2F14E200A7B7D4 /* CWTWeatherMap.m in Sources */,
				116585FA1A24D00D0077E654 /* NSString+HMACSHA1.m in Sources */,
				116619F91A2F401D002A22B0 /* CWTForecast24h.m in Sources */,
				112DFC391A1F6C8700F11D2C /* UIViewController+ETDrawerController.m in Sources */,
				112DFC3E1A1F79C300F11D2C /* CWTMenuButton.m in Sources */,
				116619F61A2F3C2D002A22B0 /* CWTWeatherRT.m in Sources */,
				112DFC381A1F6C8700F11D2C /* ETDrawerViewController.m in Sources */,
				112DFBE01A1B911000F11D2C /* AppDelegate.m in Sources */,
				112DFBDD1A1B911000F11D2C /* main.m in Sources */,
				116619FC1A2F4032002A22B0 /* CWTForecast7d.m in Sources */,
				112DFC371A1F6C8700F11D2C /* CWTMainViewController.m in Sources */,
				112DFC111A1CD80C00F11D2C /* ETDrawerVisualManager.m in Sources */,
				11A21C821AC46BF200DE0F60 /* CWTConstant.m in Sources */,
				DABFC6D31A2F0D0700A7B7D4 /* CWTForecastInfo.m in Sources */,
				DABFC6D01A2C6B1C00A7B7D4 /* CWTWeatherInfo.m in Sources */,
				112DFC2E1A1E49CD00F11D2C /* CWTHTTPClient.m in Sources */,
			);
			runOnlyForDeploymentPostprocessing = 0;
		};
/* End PBXSourcesBuildPhase section */

/* Begin PBXVariantGroup section */
		DABFC6DD1A2F172200A7B7D4 /* Localizable.strings */ = {
			isa = PBXVariantGroup;
			children = (
				DABFC6DE1A2F173100A7B7D4 /* zh-Hans */,
				DABFC6E01A2F175D00A7B7D4 /* Base */,
			);
			name = Localizable.strings;
			sourceTree = SOURCE_ROOT;
		};
/* End PBXVariantGroup section */

/* Begin XCBuildConfiguration section */
		112DFBF81A1B911000F11D2C /* Debug */ = {
			isa = XCBuildConfiguration;
			buildSettings = {
				ALWAYS_SEARCH_USER_PATHS = NO;
				CLANG_CXX_LANGUAGE_STANDARD = "gnu++0x";
				CLANG_CXX_LIBRARY = "libc++";
				CLANG_ENABLE_MODULES = YES;
				CLANG_ENABLE_OBJC_ARC = YES;
				CLANG_WARN_BOOL_CONVERSION = YES;
				CLANG_WARN_CONSTANT_CONVERSION = YES;
				CLANG_WARN_DIRECT_OBJC_ISA_USAGE = YES_ERROR;
				CLANG_WARN_EMPTY_BODY = YES;
				CLANG_WARN_ENUM_CONVERSION = YES;
				CLANG_WARN_INT_CONVERSION = YES;
				CLANG_WARN_OBJC_ROOT_CLASS = YES_ERROR;
				CLANG_WARN_UNREACHABLE_CODE = YES;
				CLANG_WARN__DUPLICATE_METHOD_MATCH = YES;
				"CODE_SIGN_IDENTITY[sdk=iphoneos*]" = "iPhone Developer";
				COPY_PHASE_STRIP = NO;
				ENABLE_STRICT_OBJC_MSGSEND = YES;
				GCC_C_LANGUAGE_STANDARD = gnu99;
				GCC_DYNAMIC_NO_PIC = NO;
				GCC_OPTIMIZATION_LEVEL = 0;
				GCC_PREPROCESSOR_DEFINITIONS = (
					"DEBUG=1",
					"$(inherited)",
				);
				GCC_SYMBOLS_PRIVATE_EXTERN = NO;
				GCC_WARN_64_TO_32_BIT_CONVERSION = YES;
				GCC_WARN_ABOUT_RETURN_TYPE = YES_ERROR;
				GCC_WARN_UNDECLARED_SELECTOR = YES;
				GCC_WARN_UNINITIALIZED_AUTOS = YES_AGGRESSIVE;
				GCC_WARN_UNUSED_FUNCTION = YES;
				GCC_WARN_UNUSED_VARIABLE = YES;
				IPHONEOS_DEPLOYMENT_TARGET = 8.1;
				MTL_ENABLE_DEBUG_INFO = YES;
				ONLY_ACTIVE_ARCH = YES;
				SDKROOT = iphoneos;
			};
			name = Debug;
		};
		112DFBF91A1B911000F11D2C /* Release */ = {
			isa = XCBuildConfiguration;
			buildSettings = {
				ALWAYS_SEARCH_USER_PATHS = NO;
				CLANG_CXX_LANGUAGE_STANDARD = "gnu++0x";
				CLANG_CXX_LIBRARY = "libc++";
				CLANG_ENABLE_MODULES = YES;
				CLANG_ENABLE_OBJC_ARC = YES;
				CLANG_WARN_BOOL_CONVERSION = YES;
				CLANG_WARN_CONSTANT_CONVERSION = YES;
				CLANG_WARN_DIRECT_OBJC_ISA_USAGE = YES_ERROR;
				CLANG_WARN_EMPTY_BODY = YES;
				CLANG_WARN_ENUM_CONVERSION = YES;
				CLANG_WARN_INT_CONVERSION = YES;
				CLANG_WARN_OBJC_ROOT_CLASS = YES_ERROR;
				CLANG_WARN_UNREACHABLE_CODE = YES;
				CLANG_WARN__DUPLICATE_METHOD_MATCH = YES;
				"CODE_SIGN_IDENTITY[sdk=iphoneos*]" = "iPhone Developer";
				COPY_PHASE_STRIP = YES;
				ENABLE_NS_ASSERTIONS = NO;
				ENABLE_STRICT_OBJC_MSGSEND = YES;
				GCC_C_LANGUAGE_STANDARD = gnu99;
				GCC_WARN_64_TO_32_BIT_CONVERSION = YES;
				GCC_WARN_ABOUT_RETURN_TYPE = YES_ERROR;
				GCC_WARN_UNDECLARED_SELECTOR = YES;
				GCC_WARN_UNINITIALIZED_AUTOS = YES_AGGRESSIVE;
				GCC_WARN_UNUSED_FUNCTION = YES;
				GCC_WARN_UNUSED_VARIABLE = YES;
				IPHONEOS_DEPLOYMENT_TARGET = 8.1;
				MTL_ENABLE_DEBUG_INFO = NO;
				SDKROOT = iphoneos;
				VALIDATE_PRODUCT = YES;
			};
			name = Release;
		};
		112DFBFB1A1B911000F11D2C /* Debug */ = {
			isa = XCBuildConfiguration;
			baseConfigurationReference = 6355819C043B81CD5BB1F429 /* Pods.debug.xcconfig */;
			buildSettings = {
				ASSETCATALOG_COMPILER_APPICON_NAME = AppIcon;
				ASSETCATALOG_COMPILER_LAUNCHIMAGE_NAME = LaunchImage;
				CODE_SIGN_IDENTITY = "iPhone Developer: DongFang Liu (K3J82U4FX5)";
				INFOPLIST_FILE = Info.plist;
				IPHONEOS_DEPLOYMENT_TARGET = 7.1;
				LD_RUNPATH_SEARCH_PATHS = "$(inherited) @executable_path/Frameworks";
				PRODUCT_NAME = "$(TARGET_NAME)";
				PROVISIONING_PROFILE = "40e664e2-e0f7-4612-ac35-d30af578ba6e";
				TARGETED_DEVICE_FAMILY = 1;
			};
			name = Debug;
		};
		112DFBFC1A1B911000F11D2C /* Release */ = {
			isa = XCBuildConfiguration;
			baseConfigurationReference = B2D1EDCEF1F5DAD9926F99DF /* Pods.release.xcconfig */;
			buildSettings = {
				ASSETCATALOG_COMPILER_APPICON_NAME = AppIcon;
				ASSETCATALOG_COMPILER_LAUNCHIMAGE_NAME = LaunchImage;
				CODE_SIGN_IDENTITY = "iPhone Developer: DongFang Liu (K3J82U4FX5)";
				INFOPLIST_FILE = Info.plist;
				IPHONEOS_DEPLOYMENT_TARGET = 7.1;
				LD_RUNPATH_SEARCH_PATHS = "$(inherited) @executable_path/Frameworks";
				PRODUCT_NAME = "$(TARGET_NAME)";
				PROVISIONING_PROFILE = "40e664e2-e0f7-4612-ac35-d30af578ba6e";
				TARGETED_DEVICE_FAMILY = 1;
			};
			name = Release;
		};
/* End XCBuildConfiguration section */

/* Begin XCConfigurationList section */
		112DFBD21A1B911000F11D2C /* Build configuration list for PBXProject "cardWeather" */ = {
			isa = XCConfigurationList;
			buildConfigurations = (
				112DFBF81A1B911000F11D2C /* Debug */,
				112DFBF91A1B911000F11D2C /* Release */,
			);
			defaultConfigurationIsVisible = 0;
			defaultConfigurationName = Release;
		};
		112DFBFA1A1B911000F11D2C /* Build configuration list for PBXNativeTarget "cardWeather" */ = {
			isa = XCConfigurationList;
			buildConfigurations = (
				112DFBFB1A1B911000F11D2C /* Debug */,
				112DFBFC1A1B911000F11D2C /* Release */,
			);
			defaultConfigurationIsVisible = 0;
			defaultConfigurationName = Release;
		};
/* End XCConfigurationList section */
	};
	rootObject = 112DFBCF1A1B911000F11D2C /* Project object */;
}
