// !$*UTF8*$!
{
	archiveVersion = 1;
	classes = {
	};
	objectVersion = 46;
	objects = {

/* Begin PBXBuildFile section */
		112DFBDD1A1B911000F11D2C /* main.m in Sources */ = {isa = PBXBuildFile; fileRef = 112DFBDC1A1B911000F11D2C /* main.m */; };
		112DFBE01A1B911000F11D2C /* AppDelegate.m in Sources */ = {isa = PBXBuildFile; fileRef = 112DFBDF1A1B911000F11D2C /* AppDelegate.m */; };
		112DFBE81A1B911000F11D2C /* Images.xcassets in Resources */ = {isa = PBXBuildFile; fileRef = 112DFBE71A1B911000F11D2C /* Images.xcassets */; };
		112DFC071A1B947C00F11D2C /* Info.plist in Resources */ = {isa = PBXBuildFile; fileRef = 112DFC061A1B947C00F11D2C /* Info.plist */; };
		112DFC111A1CD80C00F11D2C /* ETDrawerVisualManager.m in Sources */ = {isa = PBXBuildFile; fileRef = 112DFC0A1A1CD80C00F11D2C /* ETDrawerVisualManager.m */; };
		112DFC121A1CD80C00F11D2C /* ETDrawerViewController.m in Sources */ = {isa = PBXBuildFile; fileRef = 112DFC0E1A1CD80C00F11D2C /* ETDrawerViewController.m */; };
		112DFC131A1CD80C00F11D2C /* UIViewController+ETDrawerController.m in Sources */ = {isa = PBXBuildFile; fileRef = 112DFC101A1CD80C00F11D2C /* UIViewController+ETDrawerController.m */; };
		112DFC1A1A1CF80600F11D2C /* corner-bl.png in Resources */ = {isa = PBXBuildFile; fileRef = 112DFC161A1CF80600F11D2C /* corner-bl.png */; };
		112DFC1B1A1CF80600F11D2C /* corner-br.png in Resources */ = {isa = PBXBuildFile; fileRef = 112DFC171A1CF80600F11D2C /* corner-br.png */; };
		112DFC1C1A1CF80600F11D2C /* corner-tl.png in Resources */ = {isa = PBXBuildFile; fileRef = 112DFC181A1CF80600F11D2C /* corner-tl.png */; };
		112DFC1D1A1CF80600F11D2C /* corner-tr.png in Resources */ = {isa = PBXBuildFile; fileRef = 112DFC191A1CF80600F11D2C /* corner-tr.png */; };
		DB4DA61575452FF893EA3BC3 /* libPods.a in Frameworks */ = {isa = PBXBuildFile; fileRef = 81954E6B1D78E716B9B3BB93 /* libPods.a */; };
/* End PBXBuildFile section */

/* Begin PBXFileReference section */
		112DFBD71A1B911000F11D2C /* cardWeather.app */ = {isa = PBXFileReference; explicitFileType = wrapper.application; includeInIndex = 0; path = cardWeather.app; sourceTree = BUILT_PRODUCTS_DIR; };
		112DFBDC1A1B911000F11D2C /* main.m */ = {isa = PBXFileReference; lastKnownFileType = sourcecode.c.objc; path = main.m; sourceTree = SOURCE_ROOT; };
		112DFBDE1A1B911000F11D2C /* AppDelegate.h */ = {isa = PBXFileReference; lastKnownFileType = sourcecode.c.h; path = AppDelegate.h; sourceTree = SOURCE_ROOT; };
		112DFBDF1A1B911000F11D2C /* AppDelegate.m */ = {isa = PBXFileReference; lastKnownFileType = sourcecode.c.objc; path = AppDelegate.m; sourceTree = SOURCE_ROOT; };
		112DFBE71A1B911000F11D2C /* Images.xcassets */ = {isa = PBXFileReference; lastKnownFileType = folder.assetcatalog; name = Images.xcassets; path = "/Users/april/Work/iOS App/github_project/cardWeather/Images.xcassets"; sourceTree = "<absolute>"; };
		112DFC061A1B947C00F11D2C /* Info.plist */ = {isa = PBXFileReference; fileEncoding = 4; lastKnownFileType = text.plist.xml; path = Info.plist; sourceTree = SOURCE_ROOT; };
		112DFC091A1CD80C00F11D2C /* ETDrawerVisualManager.h */ = {isa = PBXFileReference; fileEncoding = 4; lastKnownFileType = sourcecode.c.h; path = ETDrawerVisualManager.h; sourceTree = "<group>"; };
		112DFC0A1A1CD80C00F11D2C /* ETDrawerVisualManager.m */ = {isa = PBXFileReference; fileEncoding = 4; lastKnownFileType = sourcecode.c.objc; path = ETDrawerVisualManager.m; sourceTree = "<group>"; };
		112DFC0D1A1CD80C00F11D2C /* ETDrawerViewController.h */ = {isa = PBXFileReference; fileEncoding = 4; lastKnownFileType = sourcecode.c.h; path = ETDrawerViewController.h; sourceTree = "<group>"; };
		112DFC0E1A1CD80C00F11D2C /* ETDrawerViewController.m */ = {isa = PBXFileReference; fileEncoding = 4; lastKnownFileType = sourcecode.c.objc; path = ETDrawerViewController.m; sourceTree = "<group>"; };
		112DFC0F1A1CD80C00F11D2C /* UIViewController+ETDrawerController.h */ = {isa = PBXFileReference; fileEncoding = 4; lastKnownFileType = sourcecode.c.h; path = "UIViewController+ETDrawerController.h"; sourceTree = "<group>"; };
		112DFC101A1CD80C00F11D2C /* UIViewController+ETDrawerController.m */ = {isa = PBXFileReference; fileEncoding = 4; lastKnownFileType = sourcecode.c.objc; path = "UIViewController+ETDrawerController.m"; sourceTree = "<group>"; };
		112DFC161A1CF80600F11D2C /* corner-bl.png */ = {isa = PBXFileReference; lastKnownFileType = image.png; path = "corner-bl.png"; sourceTree = "<group>"; };
		112DFC171A1CF80600F11D2C /* corner-br.png */ = {isa = PBXFileReference; lastKnownFileType = image.png; path = "corner-br.png"; sourceTree = "<group>"; };
		112DFC181A1CF80600F11D2C /* corner-tl.png */ = {isa = PBXFileReference; lastKnownFileType = image.png; path = "corner-tl.png"; sourceTree = "<group>"; };
		112DFC191A1CF80600F11D2C /* corner-tr.png */ = {isa = PBXFileReference; lastKnownFileType = image.png; path = "corner-tr.png"; sourceTree = "<group>"; };
		6355819C043B81CD5BB1F429 /* Pods.debug.xcconfig */ = {isa = PBXFileReference; includeInIndex = 1; lastKnownFileType = text.xcconfig; name = Pods.debug.xcconfig; path = "Pods/Target Support Files/Pods/Pods.debug.xcconfig"; sourceTree = "<group>"; };
		81954E6B1D78E716B9B3BB93 /* libPods.a */ = {isa = PBXFileReference; explicitFileType = archive.ar; includeInIndex = 0; path = libPods.a; sourceTree = BUILT_PRODUCTS_DIR; };
		B2D1EDCEF1F5DAD9926F99DF /* Pods.release.xcconfig */ = {isa = PBXFileReference; includeInIndex = 1; lastKnownFileType = text.xcconfig; name = Pods.release.xcconfig; path = "Pods/Target Support Files/Pods/Pods.release.xcconfig"; sourceTree = "<group>"; };
/* End PBXFileReference section */

/* Begin PBXFrameworksBuildPhase section */
		112DFBD41A1B911000F11D2C /* Frameworks */ = {
			isa = PBXFrameworksBuildPhase;
			buildActionMask = 2147483647;
			files = (
				DB4DA61575452FF893EA3BC3 /* libPods.a in Frameworks */,
			);
			runOnlyForDeploymentPostprocessing = 0;
		};
/* End PBXFrameworksBuildPhase section */

/* Begin PBXGroup section */
		112DFBCE1A1B911000F11D2C = {
			isa = PBXGroup;
			children = (
				112DFBD91A1B911000F11D2C /* cardWeather */,
				112DFBD81A1B911000F11D2C /* Products */,
				FED14B352EFCC85548FDB227 /* Pods */,
				48D7A9E329B3BA8B22A283AC /* Frameworks */,
			);
			sourceTree = "<group>";
		};
		112DFBD81A1B911000F11D2C /* Products */ = {
			isa = PBXGroup;
			children = (
				112DFBD71A1B911000F11D2C /* cardWeather.app */,
			);
			name = Products;
			sourceTree = "<group>";
		};
		112DFBD91A1B911000F11D2C /* cardWeather */ = {
			isa = PBXGroup;
			children = (
				112DFBDE1A1B911000F11D2C /* AppDelegate.h */,
				112DFBDF1A1B911000F11D2C /* AppDelegate.m */,
				112DFBE71A1B911000F11D2C /* Images.xcassets */,
				112DFC141A1CF80600F11D2C /* Resource */,
				112DFBDA1A1B911000F11D2C /* Supporting Files */,
				112DFC081A1CD80C00F11D2C /* Helpers */,
				112DFC0B1A1CD80C00F11D2C /* VIewControllers */,
			);
			path = cardWeather;
			sourceTree = "<group>";
		};
		112DFBDA1A1B911000F11D2C /* Supporting Files */ = {
			isa = PBXGroup;
			children = (
				112DFC061A1B947C00F11D2C /* Info.plist */,
				112DFBDC1A1B911000F11D2C /* main.m */,
			);
			name = "Supporting Files";
			sourceTree = "<group>";
		};
		112DFC081A1CD80C00F11D2C /* Helpers */ = {
			isa = PBXGroup;
			children = (
				112DFC091A1CD80C00F11D2C /* ETDrawerVisualManager.h */,
				112DFC0A1A1CD80C00F11D2C /* ETDrawerVisualManager.m */,
			);
			path = Helpers;
			sourceTree = SOURCE_ROOT;
		};
		112DFC0B1A1CD80C00F11D2C /* VIewControllers */ = {
			isa = PBXGroup;
			children = (
				112DFC0C1A1CD80C00F11D2C /* ETDrawerViewController */,
			);
			path = VIewControllers;
			sourceTree = SOURCE_ROOT;
		};
		112DFC0C1A1CD80C00F11D2C /* ETDrawerViewController */ = {
			isa = PBXGroup;
			children = (
				112DFC0D1A1CD80C00F11D2C /* ETDrawerViewController.h */,
				112DFC0E1A1CD80C00F11D2C /* ETDrawerViewController.m */,
				112DFC0F1A1CD80C00F11D2C /* UIViewController+ETDrawerController.h */,
				112DFC101A1CD80C00F11D2C /* UIViewController+ETDrawerController.m */,
			);
			path = ETDrawerViewController;
			sourceTree = "<group>";
		};
		112DFC141A1CF80600F11D2C /* Resource */ = {
			isa = PBXGroup;
			children = (
				112DFC151A1CF80600F11D2C /* Drawer */,
			);
			path = Resource;
			sourceTree = SOURCE_ROOT;
		};
		112DFC151A1CF80600F11D2C /* Drawer */ = {
			isa = PBXGroup;
			children = (
				112DFC161A1CF80600F11D2C /* corner-bl.png */,
				112DFC171A1CF80600F11D2C /* corner-br.png */,
				112DFC181A1CF80600F11D2C /* corner-tl.png */,
				112DFC191A1CF80600F11D2C /* corner-tr.png */,
			);
			path = Drawer;
			sourceTree = "<group>";
		};
		48D7A9E329B3BA8B22A283AC /* Frameworks */ = {
			isa = PBXGroup;
			children = (
				81954E6B1D78E716B9B3BB93 /* libPods.a */,
			);
			name = Frameworks;
			sourceTree = "<group>";
		};
		FED14B352EFCC85548FDB227 /* Pods */ = {
			isa = PBXGroup;
			children = (
				6355819C043B81CD5BB1F429 /* Pods.debug.xcconfig */,
				B2D1EDCEF1F5DAD9926F99DF /* Pods.release.xcconfig */,
			);
			name = Pods;
			sourceTree = "<group>";
		};
/* End PBXGroup section */

/* Begin PBXNativeTarget section */
		112DFBD61A1B911000F11D2C /* cardWeather */ = {
			isa = PBXNativeTarget;
			buildConfigurationList = 112DFBFA1A1B911000F11D2C /* Build configuration list for PBXNativeTarget "cardWeather" */;
			buildPhases = (
				17F213B4A45DDB8198087C1F /* Check Pods Manifest.lock */,
				112DFBD31A1B911000F11D2C /* Sources */,
				112DFBD41A1B911000F11D2C /* Frameworks */,
				112DFBD51A1B911000F11D2C /* Resources */,
				E009DFC19DD2CB1926773586 /* Copy Pods Resources */,
			);
			buildRules = (
			);
			dependencies = (
			);
			name = cardWeather;
			productName = cardWeather;
			productReference = 112DFBD71A1B911000F11D2C /* cardWeather.app */;
			productType = "com.apple.product-type.application";
		};
/* End PBXNativeTarget section */

/* Begin PBXProject section */
		112DFBCF1A1B911000F11D2C /* Project object */ = {
			isa = PBXProject;
			attributes = {
				LastUpgradeCheck = 0610;
				ORGANIZATIONNAME = east;
				TargetAttributes = {
					112DFBD61A1B911000F11D2C = {
						CreatedOnToolsVersion = 6.1;
					};
				};
			};
			buildConfigurationList = 112DFBD21A1B911000F11D2C /* Build configuration list for PBXProject "cardWeather" */;
			compatibilityVersion = "Xcode 3.2";
			developmentRegion = English;
			hasScannedForEncodings = 0;
			knownRegions = (
				en,
				Base,
			);
			mainGroup = 112DFBCE1A1B911000F11D2C;
			productRefGroup = 112DFBD81A1B911000F11D2C /* Products */;
			projectDirPath = "";
			projectRoot = "";
			targets = (
				112DFBD61A1B911000F11D2C /* cardWeather */,
			);
		};
/* End PBXProject section */

/* Begin PBXResourcesBuildPhase section */
		112DFBD51A1B911000F11D2C /* Resources */ = {
			isa = PBXResourcesBuildPhase;
			buildActionMask = 2147483647;
			files = (
				112DFC1D1A1CF80600F11D2C /* corner-tr.png in Resources */,
				112DFC1C1A1CF80600F11D2C /* corner-tl.png in Resources */,
				112DFC1A1A1CF80600F11D2C /* corner-bl.png in Resources */,
				112DFC071A1B947C00F11D2C /* Info.plist in Resources */,
				112DFC1B1A1CF80600F11D2C /* corner-br.png in Resources */,
				112DFBE81A1B911000F11D2C /* Images.xcassets in Resources */,
			);
			runOnlyForDeploymentPostprocessing = 0;
		};
/* End PBXResourcesBuildPhase section */

/* Begin PBXShellScriptBuildPhase section */
		17F213B4A45DDB8198087C1F /* Check Pods Manifest.lock */ = {
			isa = PBXShellScriptBuildPhase;
			buildActionMask = 2147483647;
			files = (
			);
			inputPaths = (
			);
			name = "Check Pods Manifest.lock";
			outputPaths = (
			);
			runOnlyForDeploymentPostprocessing = 0;
			shellPath = /bin/sh;
			shellScript = "diff \"${PODS_ROOT}/../Podfile.lock\" \"${PODS_ROOT}/Manifest.lock\" > /dev/null\nif [[ $? != 0 ]] ; then\n    cat << EOM\nerror: The sandbox is not in sync with the Podfile.lock. Run 'pod install' or update your CocoaPods installation.\nEOM\n    exit 1\nfi\n";
			showEnvVarsInLog = 0;
		};
		E009DFC19DD2CB1926773586 /* Copy Pods Resources */ = {
			isa = PBXShellScriptBuildPhase;
			buildActionMask = 2147483647;
			files = (
			);
			inputPaths = (
			);
			name = "Copy Pods Resources";
			outputPaths = (
			);
			runOnlyForDeploymentPostprocessing = 0;
			shellPath = /bin/sh;
			shellScript = "\"${SRCROOT}/Pods/Target Support Files/Pods/Pods-resources.sh\"\n";
			showEnvVarsInLog = 0;
		};
/* End PBXShellScriptBuildPhase section */

/* Begin PBXSourcesBuildPhase section */
		112DFBD31A1B911000F11D2C /* Sources */ = {
			isa = PBXSourcesBuildPhase;
			buildActionMask = 2147483647;
			files = (
				112DFBE01A1B911000F11D2C /* AppDelegate.m in Sources */,
				112DFC131A1CD80C00F11D2C /* UIViewController+ETDrawerController.m in Sources */,
				112DFBDD1A1B911000F11D2C /* main.m in Sources */,
				112DFC111A1CD80C00F11D2C /* ETDrawerVisualManager.m in Sources */,
				112DFC121A1CD80C00F11D2C /* ETDrawerViewController.m in Sources */,
			);
			runOnlyForDeploymentPostprocessing = 0;
		};
/* End PBXSourcesBuildPhase section */

/* Begin XCBuildConfiguration section */
		112DFBF81A1B911000F11D2C /* Debug */ = {
			isa = XCBuildConfiguration;
			buildSettings = {
				ALWAYS_SEARCH_USER_PATHS = NO;
				CLANG_CXX_LANGUAGE_STANDARD = "gnu++0x";
				CLANG_CXX_LIBRARY = "libc++";
				CLANG_ENABLE_MODULES = YES;
				CLANG_ENABLE_OBJC_ARC = YES;
				CLANG_WARN_BOOL_CONVERSION = YES;
				CLANG_WARN_CONSTANT_CONVERSION = YES;
				CLANG_WARN_DIRECT_OBJC_ISA_USAGE = YES_ERROR;
				CLANG_WARN_EMPTY_BODY = YES;
				CLANG_WARN_ENUM_CONVERSION = YES;
				CLANG_WARN_INT_CONVERSION = YES;
				CLANG_WARN_OBJC_ROOT_CLASS = YES_ERROR;
				CLANG_WARN_UNREACHABLE_CODE = YES;
				CLANG_WARN__DUPLICATE_METHOD_MATCH = YES;
				"CODE_SIGN_IDENTITY[sdk=iphoneos*]" = "iPhone Developer";
				COPY_PHASE_STRIP = NO;
				ENABLE_STRICT_OBJC_MSGSEND = YES;
				GCC_C_LANGUAGE_STANDARD = gnu99;
				GCC_DYNAMIC_NO_PIC = NO;
				GCC_OPTIMIZATION_LEVEL = 0;
				GCC_PREPROCESSOR_DEFINITIONS = (
					"DEBUG=1",
					"$(inherited)",
				);
				GCC_SYMBOLS_PRIVATE_EXTERN = NO;
				GCC_WARN_64_TO_32_BIT_CONVERSION = YES;
				GCC_WARN_ABOUT_RETURN_TYPE = YES_ERROR;
				GCC_WARN_UNDECLARED_SELECTOR = YES;
				GCC_WARN_UNINITIALIZED_AUTOS = YES_AGGRESSIVE;
				GCC_WARN_UNUSED_FUNCTION = YES;
				GCC_WARN_UNUSED_VARIABLE = YES;
				IPHONEOS_DEPLOYMENT_TARGET = 8.1;
				MTL_ENABLE_DEBUG_INFO = YES;
				ONLY_ACTIVE_ARCH = YES;
				SDKROOT = iphoneos;
			};
			name = Debug;
		};
		112DFBF91A1B911000F11D2C /* Release */ = {
			isa = XCBuildConfiguration;
			buildSettings = {
				ALWAYS_SEARCH_USER_PATHS = NO;
				CLANG_CXX_LANGUAGE_STANDARD = "gnu++0x";
				CLANG_CXX_LIBRARY = "libc++";
				CLANG_ENABLE_MODULES = YES;
				CLANG_ENABLE_OBJC_ARC = YES;
				CLANG_WARN_BOOL_CONVERSION = YES;
				CLANG_WARN_CONSTANT_CONVERSION = YES;
				CLANG_WARN_DIRECT_OBJC_ISA_USAGE = YES_ERROR;
				CLANG_WARN_EMPTY_BODY = YES;
				CLANG_WARN_ENUM_CONVERSION = YES;
				CLANG_WARN_INT_CONVERSION = YES;
				CLANG_WARN_OBJC_ROOT_CLASS = YES_ERROR;
				CLANG_WARN_UNREACHABLE_CODE = YES;
				CLANG_WARN__DUPLICATE_METHOD_MATCH = YES;
				"CODE_SIGN_IDENTITY[sdk=iphoneos*]" = "iPhone Developer";
				COPY_PHASE_STRIP = YES;
				ENABLE_NS_ASSERTIONS = NO;
				ENABLE_STRICT_OBJC_MSGSEND = YES;
				GCC_C_LANGUAGE_STANDARD = gnu99;
				GCC_WARN_64_TO_32_BIT_CONVERSION = YES;
				GCC_WARN_ABOUT_RETURN_TYPE = YES_ERROR;
				GCC_WARN_UNDECLARED_SELECTOR = YES;
				GCC_WARN_UNINITIALIZED_AUTOS = YES_AGGRESSIVE;
				GCC_WARN_UNUSED_FUNCTION = YES;
				GCC_WARN_UNUSED_VARIABLE = YES;
				IPHONEOS_DEPLOYMENT_TARGET = 8.1;
				MTL_ENABLE_DEBUG_INFO = NO;
				SDKROOT = iphoneos;
				VALIDATE_PRODUCT = YES;
			};
			name = Release;
		};
		112DFBFB1A1B911000F11D2C /* Debug */ = {
			isa = XCBuildConfiguration;
			baseConfigurationReference = 6355819C043B81CD5BB1F429 /* Pods.debug.xcconfig */;
			buildSettings = {
				ASSETCATALOG_COMPILER_APPICON_NAME = AppIcon;
				ASSETCATALOG_COMPILER_LAUNCHIMAGE_NAME = LaunchImage;
				CODE_SIGN_IDENTITY = "iPhone Developer: DongFang Liu (K3J82U4FX5)";
				INFOPLIST_FILE = Info.plist;
				IPHONEOS_DEPLOYMENT_TARGET = 7.1;
				LD_RUNPATH_SEARCH_PATHS = "$(inherited) @executable_path/Frameworks";
				PRODUCT_NAME = "$(TARGET_NAME)";
				PROVISIONING_PROFILE = "40e664e2-e0f7-4612-ac35-d30af578ba6e";
			};
			name = Debug;
		};
		112DFBFC1A1B911000F11D2C /* Release */ = {
			isa = XCBuildConfiguration;
			baseConfigurationReference = B2D1EDCEF1F5DAD9926F99DF /* Pods.release.xcconfig */;
			buildSettings = {
				ASSETCATALOG_COMPILER_APPICON_NAME = AppIcon;
				ASSETCATALOG_COMPILER_LAUNCHIMAGE_NAME = LaunchImage;
				CODE_SIGN_IDENTITY = "iPhone Developer: DongFang Liu (K3J82U4FX5)";
				INFOPLIST_FILE = Info.plist;
				IPHONEOS_DEPLOYMENT_TARGET = 7.1;
				LD_RUNPATH_SEARCH_PATHS = "$(inherited) @executable_path/Frameworks";
				PRODUCT_NAME = "$(TARGET_NAME)";
				PROVISIONING_PROFILE = "40e664e2-e0f7-4612-ac35-d30af578ba6e";
			};
			name = Release;
		};
/* End XCBuildConfiguration section */

/* Begin XCConfigurationList section */
		112DFBD21A1B911000F11D2C /* Build configuration list for PBXProject "cardWeather" */ = {
			isa = XCConfigurationList;
			buildConfigurations = (
				112DFBF81A1B911000F11D2C /* Debug */,
				112DFBF91A1B911000F11D2C /* Release */,
			);
			defaultConfigurationIsVisible = 0;
			defaultConfigurationName = Release;
		};
		112DFBFA1A1B911000F11D2C /* Build configuration list for PBXNativeTarget "cardWeather" */ = {
			isa = XCConfigurationList;
			buildConfigurations = (
				112DFBFB1A1B911000F11D2C /* Debug */,
				112DFBFC1A1B911000F11D2C /* Release */,
			);
			defaultConfigurationIsVisible = 0;
			defaultConfigurationName = Release;
		};
/* End XCConfigurationList section */
	};
	rootObject = 112DFBCF1A1B911000F11D2C /* Project object */;
}
